
Microsoft Visual Studio Solution File, Format Version 12.00
# Visual Studio Version 16
VisualStudioVersion = 25.0.1700.2
MinimumVisualStudioVersion = 10.0.40219.1
Project("{FAE04EC0-301F-11D3-BF4B-00C04F79EFBC}") = "BugTracker", "BugTracker\BugTracker.csproj", "{07813C74-326D-4372-802A-B27FCACC3430}"
EndProject
Global
	GlobalSection(SolutionConfigurationPlatforms) = preSolution
		Debug|Any CPU = Debug|Any CPU
		Release|Any CPU = Release|Any CPU
	EndGlobalSection
	GlobalSection(ProjectConfigurationPlatforms) = postSolution
		{07813C74-326D-4372-802A-B27FCACC3430}.Debug|Any CPU.ActiveCfg = Debug|Any CPU
		{07813C74-326D-4372-802A-B27FCACC3430}.Debug|Any CPU.Build.0 = Debug|Any CPU
		{07813C74-326D-4372-802A-B27FCACC3430}.Release|Any CPU.ActiveCfg = Release|Any CPU
		{07813C74-326D-4372-802A-B27FCACC3430}.Release|Any CPU.Build.0 = Release|Any CPU
	EndGlobalSection
	GlobalSection(SolutionProperties) = preSolution
		HideSolutionNode = FALSE
	EndGlobalSection
	GlobalSection(ExtensibilityGlobals) = postSolution
		SolutionGuid = {2B4EDCCC-339B-4ACE-A364-5F935F7CF8AE}
	EndGlobalSection
EndGlobal
